
Microsoft Visual Studio Solution File, Format Version 12.00
# Visual Studio Version 17
VisualStudioVersion = 17.13.35818.85 d17.13
MinimumVisualStudioVersion = 10.0.40219.1
Project("{FAE04EC0-301F-11D3-BF4B-00C04F79EFBC}") = "MonoLogger", "MonoLogger\MonoLogger.csproj", "{01FD8B92-916F-4F3A-8461-D1128217FE5E}"
EndProject
Global
	GlobalSection(SolutionConfigurationPlatforms) = preSolution
		Debug|Any CPU = Debug|Any CPU
		Release|Any CPU = Release|Any CPU
	EndGlobalSection
	GlobalSection(ProjectConfigurationPlatforms) = postSolution
		{01FD8B92-916F-4F3A-8461-D1128217FE5E}.Debug|Any CPU.ActiveCfg = Debug|Any CPU
		{01FD8B92-916F-4F3A-8461-D1128217FE5E}.Debug|Any CPU.Build.0 = Debug|Any CPU
		{01FD8B92-916F-4F3A-8461-D1128217FE5E}.Release|Any CPU.ActiveCfg = Release|Any CPU
		{01FD8B92-916F-4F3A-8461-D1128217FE5E}.Release|Any CPU.Build.0 = Release|Any CPU
	EndGlobalSection
	GlobalSection(SolutionProperties) = preSolution
		HideSolutionNode = FALSE
	EndGlobalSection
	GlobalSection(ExtensibilityGlobals) = postSolution
		SolutionGuid = {902D6B37-C752-4B10-BE49-AB810E06426C}
	EndGlobalSection
EndGlobal
